{
  "requires": true,
  "lockfileVersion": 1,
  "dependencies": {
    "react-uid": {
      "version": "2.2.0",
      "resolved": "https://registry.npmjs.org/react-uid/-/react-uid-2.2.0.tgz",
      "integrity": "sha512-z+g5+hFOQ08hCfrGcJ1PNs+cmvH8Uq2CVzCmPeWBsUi5A4W4NWXR5jouledzy3oSKGMU9HOzf8zFuGi15TXJoQ=="
    }
  }
}
